// !$*UTF8*$!
{
	archiveVersion = 1;
	classes = {
	};
	objectVersion = 46;
	objects = {

/* Begin PBXBuildFile section */
		4C0906071A2D4D6D004986B0 /* CTCartDetailViewController.m in Sources */ = {isa = PBXBuildFile; fileRef = 4C0906051A2D4D6D004986B0 /* CTCartDetailViewController.m */; };
		4C0906081A2D4D6D004986B0 /* CTCartDetailViewController.xib in Resources */ = {isa = PBXBuildFile; fileRef = 4C0906061A2D4D6D004986B0 /* CTCartDetailViewController.xib */; };
		4C83765B1A2CB751003108BB /* CTUserDetailViewController.m in Sources */ = {isa = PBXBuildFile; fileRef = 4C8376591A2CB751003108BB /* CTUserDetailViewController.m */; };
		4C83765C1A2CB751003108BB /* CTUserDetailViewController.xib in Resources */ = {isa = PBXBuildFile; fileRef = 4C83765A1A2CB751003108BB /* CTUserDetailViewController.xib */; };
		4C8376651A2CF402003108BB /* CTCameraViewController.m in Sources */ = {isa = PBXBuildFile; fileRef = 4C8376631A2CF402003108BB /* CTCameraViewController.m */; };
		4C8376661A2CF402003108BB /* CTCameraViewController.xib in Resources */ = {isa = PBXBuildFile; fileRef = 4C8376641A2CF402003108BB /* CTCameraViewController.xib */; };
		4C8376681A2CF453003108BB /* MobileCoreServices.framework in Frameworks */ = {isa = PBXBuildFile; fileRef = 4C8376671A2CF453003108BB /* MobileCoreServices.framework */; };
		4C8376721A2D097E003108BB /* CTAdminTableViewController.m in Sources */ = {isa = PBXBuildFile; fileRef = 4C8376701A2D097E003108BB /* CTAdminTableViewController.m */; };
		4C8376731A2D097E003108BB /* CTAdminTableViewController.xib in Resources */ = {isa = PBXBuildFile; fileRef = 4C8376711A2D097E003108BB /* CTAdminTableViewController.xib */; };
		4C8376771A2D1EB2003108BB /* CTRequestNavigationViewController.m in Sources */ = {isa = PBXBuildFile; fileRef = 4C8376751A2D1EB2003108BB /* CTRequestNavigationViewController.m */; };
		4C8376781A2D1EB2003108BB /* CTRequestNavigationViewController.xib in Resources */ = {isa = PBXBuildFile; fileRef = 4C8376761A2D1EB2003108BB /* CTRequestNavigationViewController.xib */; };
		4CE4AF1F1A2D2DFB00C3C8A3 /* CTLoginViewController.m in Sources */ = {isa = PBXBuildFile; fileRef = 4CE4AF1D1A2D2DFB00C3C8A3 /* CTLoginViewController.m */; };
		4CE4AF201A2D2DFB00C3C8A3 /* CTLoginViewController.xib in Resources */ = {isa = PBXBuildFile; fileRef = 4CE4AF1E1A2D2DFB00C3C8A3 /* CTLoginViewController.xib */; };
		B348A0661A159433007C342B /* CoreData.framework in Frameworks */ = {isa = PBXBuildFile; fileRef = B348A0651A159433007C342B /* CoreData.framework */; };
		B3B05FC11A196CEC00B32944 /* CTimageTransformer.m in Sources */ = {isa = PBXBuildFile; fileRef = B3B05FC01A196CEC00B32944 /* CTimageTransformer.m */; };
		B3BFE9DA1A2586EB00B86E9B /* Cart.m in Sources */ = {isa = PBXBuildFile; fileRef = B3BFE9D91A2586EB00B86E9B /* Cart.m */; };
		B3BFE9DF1A25870A00B86E9B /* Request.m in Sources */ = {isa = PBXBuildFile; fileRef = B3BFE9DC1A25870A00B86E9B /* Request.m */; };
		B3BFE9E01A25870A00B86E9B /* User.m in Sources */ = {isa = PBXBuildFile; fileRef = B3BFE9DE1A25870A00B86E9B /* User.m */; };
		B3BFE9E31A25872700B86E9B /* DataModel.xcdatamodeld in Sources */ = {isa = PBXBuildFile; fileRef = B3BFE9E11A25872700B86E9B /* DataModel.xcdatamodeld */; };
		B3BFE9E61A25876E00B86E9B /* CTViewController.m in Sources */ = {isa = PBXBuildFile; fileRef = B3BFE9E51A25876E00B86E9B /* CTViewController.m */; };
		B3BFE9EA1A25884900B86E9B /* CTDataListViewController.m in Sources */ = {isa = PBXBuildFile; fileRef = B3BFE9E81A25884900B86E9B /* CTDataListViewController.m */; };
		B3BFE9EB1A25884900B86E9B /* CTDataListViewController.xib in Resources */ = {isa = PBXBuildFile; fileRef = B3BFE9E91A25884900B86E9B /* CTDataListViewController.xib */; };
		B3BFE9EE1A25888E00B86E9B /* CTcartManager.m in Sources */ = {isa = PBXBuildFile; fileRef = B3BFE9ED1A25888E00B86E9B /* CTcartManager.m */; };
		B3BFE9F51A25890700B86E9B /* CTAdminNavigationViewController.m in Sources */ = {isa = PBXBuildFile; fileRef = B3BFE9F31A25890600B86E9B /* CTAdminNavigationViewController.m */; };
		B3BFE9F61A25890700B86E9B /* CTAdminNavigationViewController.xib in Resources */ = {isa = PBXBuildFile; fileRef = B3BFE9F41A25890600B86E9B /* CTAdminNavigationViewController.xib */; };
		B3BFE9F91A2589F200B86E9B /* CTbaseDataHandler.m in Sources */ = {isa = PBXBuildFile; fileRef = B3BFE9F81A2589F200B86E9B /* CTbaseDataHandler.m */; };
		B3CAF5901A14E69A00274EEF /* Foundation.framework in Frameworks */ = {isa = PBXBuildFile; fileRef = B3CAF58F1A14E69A00274EEF /* Foundation.framework */; };
		B3CAF5921A14E69A00274EEF /* CoreGraphics.framework in Frameworks */ = {isa = PBXBuildFile; fileRef = B3CAF5911A14E69A00274EEF /* CoreGraphics.framework */; };
		B3CAF5941A14E69A00274EEF /* UIKit.framework in Frameworks */ = {isa = PBXBuildFile; fileRef = B3CAF5931A14E69A00274EEF /* UIKit.framework */; };
		B3CAF59A1A14E69A00274EEF /* InfoPlist.strings in Resources */ = {isa = PBXBuildFile; fileRef = B3CAF5981A14E69A00274EEF /* InfoPlist.strings */; };
		B3CAF59C1A14E69A00274EEF /* main.m in Sources */ = {isa = PBXBuildFile; fileRef = B3CAF59B1A14E69A00274EEF /* main.m */; };
		B3CAF5A01A14E69A00274EEF /* CTAppDelegate.m in Sources */ = {isa = PBXBuildFile; fileRef = B3CAF59F1A14E69A00274EEF /* CTAppDelegate.m */; };
		B3CAF5A31A14E69A00274EEF /* Main_iPhone.storyboard in Resources */ = {isa = PBXBuildFile; fileRef = B3CAF5A11A14E69A00274EEF /* Main_iPhone.storyboard */; };
		B3CAF5A61A14E69A00274EEF /* Main_iPad.storyboard in Resources */ = {isa = PBXBuildFile; fileRef = B3CAF5A41A14E69A00274EEF /* Main_iPad.storyboard */; };
		B3CAF5AB1A14E69B00274EEF /* Images.xcassets in Resources */ = {isa = PBXBuildFile; fileRef = B3CAF5AA1A14E69B00274EEF /* Images.xcassets */; };
		B3CAF5B21A14E69B00274EEF /* XCTest.framework in Frameworks */ = {isa = PBXBuildFile; fileRef = B3CAF5B11A14E69B00274EEF /* XCTest.framework */; };
		B3CAF5B31A14E69B00274EEF /* Foundation.framework in Frameworks */ = {isa = PBXBuildFile; fileRef = B3CAF58F1A14E69A00274EEF /* Foundation.framework */; };
		B3CAF5B41A14E69B00274EEF /* UIKit.framework in Frameworks */ = {isa = PBXBuildFile; fileRef = B3CAF5931A14E69A00274EEF /* UIKit.framework */; };
		B3CAF5BC1A14E69B00274EEF /* InfoPlist.strings in Resources */ = {isa = PBXBuildFile; fileRef = B3CAF5BA1A14E69B00274EEF /* InfoPlist.strings */; };
		B3CAF5BE1A14E69B00274EEF /* CartTrackerTests.m in Sources */ = {isa = PBXBuildFile; fileRef = B3CAF5BD1A14E69B00274EEF /* CartTrackerTests.m */; };
/* End PBXBuildFile section */

/* Begin PBXContainerItemProxy section */
		B3CAF5B51A14E69B00274EEF /* PBXContainerItemProxy */ = {
			isa = PBXContainerItemProxy;
			containerPortal = B3CAF5841A14E69A00274EEF /* Project object */;
			proxyType = 1;
			remoteGlobalIDString = B3CAF58B1A14E69A00274EEF;
			remoteInfo = CartTracker;
		};
/* End PBXContainerItemProxy section */

/* Begin PBXFileReference section */
		4C0906041A2D4D6D004986B0 /* CTCartDetailViewController.h */ = {isa = PBXFileReference; fileEncoding = 4; lastKnownFileType = sourcecode.c.h; path = CTCartDetailViewController.h; sourceTree = "<group>"; };
		4C0906051A2D4D6D004986B0 /* CTCartDetailViewController.m */ = {isa = PBXFileReference; fileEncoding = 4; lastKnownFileType = sourcecode.c.objc; path = CTCartDetailViewController.m; sourceTree = "<group>"; };
		4C0906061A2D4D6D004986B0 /* CTCartDetailViewController.xib */ = {isa = PBXFileReference; fileEncoding = 4; lastKnownFileType = file.xib; path = CTCartDetailViewController.xib; sourceTree = "<group>"; };
		4C8376581A2CB751003108BB /* CTUserDetailViewController.h */ = {isa = PBXFileReference; fileEncoding = 4; lastKnownFileType = sourcecode.c.h; path = CTUserDetailViewController.h; sourceTree = "<group>"; };
		4C8376591A2CB751003108BB /* CTUserDetailViewController.m */ = {isa = PBXFileReference; fileEncoding = 4; lastKnownFileType = sourcecode.c.objc; path = CTUserDetailViewController.m; sourceTree = "<group>"; };
		4C83765A1A2CB751003108BB /* CTUserDetailViewController.xib */ = {isa = PBXFileReference; fileEncoding = 4; lastKnownFileType = file.xib; path = CTUserDetailViewController.xib; sourceTree = "<group>"; };
		4C8376621A2CF402003108BB /* CTCameraViewController.h */ = {isa = PBXFileReference; fileEncoding = 4; lastKnownFileType = sourcecode.c.h; path = CTCameraViewController.h; sourceTree = "<group>"; };
		4C8376631A2CF402003108BB /* CTCameraViewController.m */ = {isa = PBXFileReference; fileEncoding = 4; lastKnownFileType = sourcecode.c.objc; path = CTCameraViewController.m; sourceTree = "<group>"; };
		4C8376641A2CF402003108BB /* CTCameraViewController.xib */ = {isa = PBXFileReference; fileEncoding = 4; lastKnownFileType = file.xib; path = CTCameraViewController.xib; sourceTree = "<group>"; };
		4C8376671A2CF453003108BB /* MobileCoreServices.framework */ = {isa = PBXFileReference; lastKnownFileType = wrapper.framework; name = MobileCoreServices.framework; path = System/Library/Frameworks/MobileCoreServices.framework; sourceTree = SDKROOT; };
		4C8376691A2D0118003108BB /* Constants.h */ = {isa = PBXFileReference; lastKnownFileType = sourcecode.c.h; path = Constants.h; sourceTree = "<group>"; };
		4C83766F1A2D097E003108BB /* CTAdminTableViewController.h */ = {isa = PBXFileReference; fileEncoding = 4; lastKnownFileType = sourcecode.c.h; path = CTAdminTableViewController.h; sourceTree = "<group>"; };
		4C8376701A2D097E003108BB /* CTAdminTableViewController.m */ = {isa = PBXFileReference; fileEncoding = 4; lastKnownFileType = sourcecode.c.objc; path = CTAdminTableViewController.m; sourceTree = "<group>"; };
		4C8376711A2D097E003108BB /* CTAdminTableViewController.xib */ = {isa = PBXFileReference; fileEncoding = 4; lastKnownFileType = file.xib; path = CTAdminTableViewController.xib; sourceTree = "<group>"; };
		4C8376741A2D1EB2003108BB /* CTRequestNavigationViewController.h */ = {isa = PBXFileReference; fileEncoding = 4; lastKnownFileType = sourcecode.c.h; path = CTRequestNavigationViewController.h; sourceTree = "<group>"; };
		4C8376751A2D1EB2003108BB /* CTRequestNavigationViewController.m */ = {isa = PBXFileReference; fileEncoding = 4; lastKnownFileType = sourcecode.c.objc; path = CTRequestNavigationViewController.m; sourceTree = "<group>"; };
		4C8376761A2D1EB2003108BB /* CTRequestNavigationViewController.xib */ = {isa = PBXFileReference; fileEncoding = 4; lastKnownFileType = file.xib; path = CTRequestNavigationViewController.xib; sourceTree = "<group>"; };
		4CE4AF1C1A2D2DFB00C3C8A3 /* CTLoginViewController.h */ = {isa = PBXFileReference; fileEncoding = 4; lastKnownFileType = sourcecode.c.h; path = CTLoginViewController.h; sourceTree = "<group>"; };
		4CE4AF1D1A2D2DFB00C3C8A3 /* CTLoginViewController.m */ = {isa = PBXFileReference; fileEncoding = 4; lastKnownFileType = sourcecode.c.objc; path = CTLoginViewController.m; sourceTree = "<group>"; };
		4CE4AF1E1A2D2DFB00C3C8A3 /* CTLoginViewController.xib */ = {isa = PBXFileReference; fileEncoding = 4; lastKnownFileType = file.xib; path = CTLoginViewController.xib; sourceTree = "<group>"; };
		4CE4AF2D1A2D409900C3C8A3 /* CTDetailViewDelegate.h */ = {isa = PBXFileReference; lastKnownFileType = sourcecode.c.h; name = CTDetailViewDelegate.h; path = CartTracker/CTDetailViewDelegate.h; sourceTree = "<group>"; };
		B348A0651A159433007C342B /* CoreData.framework */ = {isa = PBXFileReference; lastKnownFileType = wrapper.framework; name = CoreData.framework; path = System/Library/Frameworks/CoreData.framework; sourceTree = SDKROOT; };
		B3B05FBF1A196CEC00B32944 /* CTimageTransformer.h */ = {isa = PBXFileReference; fileEncoding = 4; lastKnownFileType = sourcecode.c.h; path = CTimageTransformer.h; sourceTree = "<group>"; };
		B3B05FC01A196CEC00B32944 /* CTimageTransformer.m */ = {isa = PBXFileReference; fileEncoding = 4; lastKnownFileType = sourcecode.c.objc; path = CTimageTransformer.m; sourceTree = "<group>"; };
		B3BFE9D81A2586EB00B86E9B /* Cart.h */ = {isa = PBXFileReference; fileEncoding = 4; lastKnownFileType = sourcecode.c.h; path = Cart.h; sourceTree = "<group>"; };
		B3BFE9D91A2586EB00B86E9B /* Cart.m */ = {isa = PBXFileReference; fileEncoding = 4; lastKnownFileType = sourcecode.c.objc; path = Cart.m; sourceTree = "<group>"; };
		B3BFE9DB1A25870A00B86E9B /* Request.h */ = {isa = PBXFileReference; fileEncoding = 4; lastKnownFileType = sourcecode.c.h; path = Request.h; sourceTree = "<group>"; };
		B3BFE9DC1A25870A00B86E9B /* Request.m */ = {isa = PBXFileReference; fileEncoding = 4; lastKnownFileType = sourcecode.c.objc; path = Request.m; sourceTree = "<group>"; };
		B3BFE9DD1A25870A00B86E9B /* User.h */ = {isa = PBXFileReference; fileEncoding = 4; lastKnownFileType = sourcecode.c.h; path = User.h; sourceTree = "<group>"; };
		B3BFE9DE1A25870A00B86E9B /* User.m */ = {isa = PBXFileReference; fileEncoding = 4; lastKnownFileType = sourcecode.c.objc; path = User.m; sourceTree = "<group>"; };
		B3BFE9E21A25872700B86E9B /* DataModel.xcdatamodel */ = {isa = PBXFileReference; lastKnownFileType = wrapper.xcdatamodel; path = DataModel.xcdatamodel; sourceTree = "<group>"; };
		B3BFE9E41A25876E00B86E9B /* CTViewController.h */ = {isa = PBXFileReference; fileEncoding = 4; lastKnownFileType = sourcecode.c.h; path = CTViewController.h; sourceTree = "<group>"; };
		B3BFE9E51A25876E00B86E9B /* CTViewController.m */ = {isa = PBXFileReference; fileEncoding = 4; lastKnownFileType = sourcecode.c.objc; path = CTViewController.m; sourceTree = "<group>"; };
		B3BFE9E71A25884900B86E9B /* CTDataListViewController.h */ = {isa = PBXFileReference; fileEncoding = 4; lastKnownFileType = sourcecode.c.h; path = CTDataListViewController.h; sourceTree = "<group>"; };
		B3BFE9E81A25884900B86E9B /* CTDataListViewController.m */ = {isa = PBXFileReference; fileEncoding = 4; lastKnownFileType = sourcecode.c.objc; path = CTDataListViewController.m; sourceTree = "<group>"; };
		B3BFE9E91A25884900B86E9B /* CTDataListViewController.xib */ = {isa = PBXFileReference; fileEncoding = 4; lastKnownFileType = file.xib; path = CTDataListViewController.xib; sourceTree = "<group>"; };
		B3BFE9EC1A25888E00B86E9B /* CTcartManager.h */ = {isa = PBXFileReference; fileEncoding = 4; lastKnownFileType = sourcecode.c.h; path = CTcartManager.h; sourceTree = "<group>"; };
		B3BFE9ED1A25888E00B86E9B /* CTcartManager.m */ = {isa = PBXFileReference; fileEncoding = 4; lastKnownFileType = sourcecode.c.objc; path = CTcartManager.m; sourceTree = "<group>"; };
		B3BFE9F21A25890600B86E9B /* CTAdminNavigationViewController.h */ = {isa = PBXFileReference; fileEncoding = 4; lastKnownFileType = sourcecode.c.h; path = CTAdminNavigationViewController.h; sourceTree = "<group>"; };
		B3BFE9F31A25890600B86E9B /* CTAdminNavigationViewController.m */ = {isa = PBXFileReference; fileEncoding = 4; lastKnownFileType = sourcecode.c.objc; path = CTAdminNavigationViewController.m; sourceTree = "<group>"; };
		B3BFE9F41A25890600B86E9B /* CTAdminNavigationViewController.xib */ = {isa = PBXFileReference; fileEncoding = 4; lastKnownFileType = file.xib; path = CTAdminNavigationViewController.xib; sourceTree = "<group>"; };
		B3BFE9F71A2589F200B86E9B /* CTbaseDataHandler.h */ = {isa = PBXFileReference; fileEncoding = 4; lastKnownFileType = sourcecode.c.h; path = CTbaseDataHandler.h; sourceTree = "<group>"; };
		B3BFE9F81A2589F200B86E9B /* CTbaseDataHandler.m */ = {isa = PBXFileReference; fileEncoding = 4; lastKnownFileType = sourcecode.c.objc; path = CTbaseDataHandler.m; sourceTree = "<group>"; };
		B3CAF58C1A14E69A00274EEF /* CartTracker.app */ = {isa = PBXFileReference; explicitFileType = wrapper.application; includeInIndex = 0; path = CartTracker.app; sourceTree = BUILT_PRODUCTS_DIR; };
		B3CAF58F1A14E69A00274EEF /* Foundation.framework */ = {isa = PBXFileReference; lastKnownFileType = wrapper.framework; name = Foundation.framework; path = System/Library/Frameworks/Foundation.framework; sourceTree = SDKROOT; };
		B3CAF5911A14E69A00274EEF /* CoreGraphics.framework */ = {isa = PBXFileReference; lastKnownFileType = wrapper.framework; name = CoreGraphics.framework; path = System/Library/Frameworks/CoreGraphics.framework; sourceTree = SDKROOT; };
		B3CAF5931A14E69A00274EEF /* UIKit.framework */ = {isa = PBXFileReference; lastKnownFileType = wrapper.framework; name = UIKit.framework; path = System/Library/Frameworks/UIKit.framework; sourceTree = SDKROOT; };
		B3CAF5971A14E69A00274EEF /* CartTracker-Info.plist */ = {isa = PBXFileReference; lastKnownFileType = text.plist.xml; path = "CartTracker-Info.plist"; sourceTree = "<group>"; };
		B3CAF5991A14E69A00274EEF /* en */ = {isa = PBXFileReference; lastKnownFileType = text.plist.strings; name = en; path = en.lproj/InfoPlist.strings; sourceTree = "<group>"; };
		B3CAF59B1A14E69A00274EEF /* main.m */ = {isa = PBXFileReference; lastKnownFileType = sourcecode.c.objc; path = main.m; sourceTree = "<group>"; };
		B3CAF59D1A14E69A00274EEF /* CartTracker-Prefix.pch */ = {isa = PBXFileReference; lastKnownFileType = sourcecode.c.h; path = "CartTracker-Prefix.pch"; sourceTree = "<group>"; };
		B3CAF59E1A14E69A00274EEF /* CTAppDelegate.h */ = {isa = PBXFileReference; lastKnownFileType = sourcecode.c.h; path = CTAppDelegate.h; sourceTree = "<group>"; };
		B3CAF59F1A14E69A00274EEF /* CTAppDelegate.m */ = {isa = PBXFileReference; lastKnownFileType = sourcecode.c.objc; path = CTAppDelegate.m; sourceTree = "<group>"; };
		B3CAF5A21A14E69A00274EEF /* Base */ = {isa = PBXFileReference; lastKnownFileType = file.storyboard; name = Base; path = Base.lproj/Main_iPhone.storyboard; sourceTree = "<group>"; };
		B3CAF5A51A14E69A00274EEF /* Base */ = {isa = PBXFileReference; lastKnownFileType = file.storyboard; name = Base; path = Base.lproj/Main_iPad.storyboard; sourceTree = "<group>"; };
		B3CAF5AA1A14E69B00274EEF /* Images.xcassets */ = {isa = PBXFileReference; lastKnownFileType = folder.assetcatalog; path = Images.xcassets; sourceTree = "<group>"; };
		B3CAF5B01A14E69B00274EEF /* CartTrackerTests.xctest */ = {isa = PBXFileReference; explicitFileType = wrapper.cfbundle; includeInIndex = 0; path = CartTrackerTests.xctest; sourceTree = BUILT_PRODUCTS_DIR; };
		B3CAF5B11A14E69B00274EEF /* XCTest.framework */ = {isa = PBXFileReference; lastKnownFileType = wrapper.framework; name = XCTest.framework; path = Library/Frameworks/XCTest.framework; sourceTree = DEVELOPER_DIR; };
		B3CAF5B91A14E69B00274EEF /* CartTrackerTests-Info.plist */ = {isa = PBXFileReference; lastKnownFileType = text.plist.xml; path = "CartTrackerTests-Info.plist"; sourceTree = "<group>"; };
		B3CAF5BB1A14E69B00274EEF /* en */ = {isa = PBXFileReference; lastKnownFileType = text.plist.strings; name = en; path = en.lproj/InfoPlist.strings; sourceTree = "<group>"; };
		B3CAF5BD1A14E69B00274EEF /* CartTrackerTests.m */ = {isa = PBXFileReference; lastKnownFileType = sourcecode.c.objc; path = CartTrackerTests.m; sourceTree = "<group>"; };
/* End PBXFileReference section */

/* Begin PBXFrameworksBuildPhase section */
		B3CAF5891A14E69A00274EEF /* Frameworks */ = {
			isa = PBXFrameworksBuildPhase;
			buildActionMask = 2147483647;
			files = (
				4C8376681A2CF453003108BB /* MobileCoreServices.framework in Frameworks */,
				B348A0661A159433007C342B /* CoreData.framework in Frameworks */,
				B3CAF5921A14E69A00274EEF /* CoreGraphics.framework in Frameworks */,
				B3CAF5941A14E69A00274EEF /* UIKit.framework in Frameworks */,
				B3CAF5901A14E69A00274EEF /* Foundation.framework in Frameworks */,
			);
			runOnlyForDeploymentPostprocessing = 0;
		};
		B3CAF5AD1A14E69B00274EEF /* Frameworks */ = {
			isa = PBXFrameworksBuildPhase;
			buildActionMask = 2147483647;
			files = (
				B3CAF5B21A14E69B00274EEF /* XCTest.framework in Frameworks */,
				B3CAF5B41A14E69B00274EEF /* UIKit.framework in Frameworks */,
				B3CAF5B31A14E69B00274EEF /* Foundation.framework in Frameworks */,
			);
			runOnlyForDeploymentPostprocessing = 0;
		};
/* End PBXFrameworksBuildPhase section */

/* Begin PBXGroup section */
		4C8376561A2CB708003108BB /* View */ = {
			isa = PBXGroup;
			children = (
				4CE4AF1E1A2D2DFB00C3C8A3 /* CTLoginViewController.xib */,
				4C8376761A2D1EB2003108BB /* CTRequestNavigationViewController.xib */,
				4C8376641A2CF402003108BB /* CTCameraViewController.xib */,
				4C8376711A2D097E003108BB /* CTAdminTableViewController.xib */,
				4C83765A1A2CB751003108BB /* CTUserDetailViewController.xib */,
				B3BFE9F41A25890600B86E9B /* CTAdminNavigationViewController.xib */,
				B3BFE9E91A25884900B86E9B /* CTDataListViewController.xib */,
			);
			name = View;
			sourceTree = "<group>";
		};
		4C8376571A2CB719003108BB /* Controller */ = {
			isa = PBXGroup;
			children = (
				4C0906041A2D4D6D004986B0 /* CTCartDetailViewController.h */,
				4C0906051A2D4D6D004986B0 /* CTCartDetailViewController.m */,
				4C0906061A2D4D6D004986B0 /* CTCartDetailViewController.xib */,
				4C8376621A2CF402003108BB /* CTCameraViewController.h */,
				4C8376631A2CF402003108BB /* CTCameraViewController.m */,
				4C8376581A2CB751003108BB /* CTUserDetailViewController.h */,
				4C8376591A2CB751003108BB /* CTUserDetailViewController.m */,
				4C83766F1A2D097E003108BB /* CTAdminTableViewController.h */,
				4C8376701A2D097E003108BB /* CTAdminTableViewController.m */,
				B3BFE9E71A25884900B86E9B /* CTDataListViewController.h */,
				B3BFE9E81A25884900B86E9B /* CTDataListViewController.m */,
				4C8376741A2D1EB2003108BB /* CTRequestNavigationViewController.h */,
				4C8376751A2D1EB2003108BB /* CTRequestNavigationViewController.m */,
				B3BFE9F21A25890600B86E9B /* CTAdminNavigationViewController.h */,
				B3BFE9F31A25890600B86E9B /* CTAdminNavigationViewController.m */,
				B3BFE9E41A25876E00B86E9B /* CTViewController.h */,
				B3BFE9E51A25876E00B86E9B /* CTViewController.m */,
				4CE4AF1C1A2D2DFB00C3C8A3 /* CTLoginViewController.h */,
				4CE4AF1D1A2D2DFB00C3C8A3 /* CTLoginViewController.m */,
			);
			name = Controller;
			sourceTree = "<group>";
		};
		B33DF6A01A184FC10094C4AC /* Data Objects */ = {
			isa = PBXGroup;
			children = (
				B3BFE9E11A25872700B86E9B /* DataModel.xcdatamodeld */,
				B3BFE9DB1A25870A00B86E9B /* Request.h */,
				B3BFE9DC1A25870A00B86E9B /* Request.m */,
				B3BFE9DD1A25870A00B86E9B /* User.h */,
				B3BFE9DE1A25870A00B86E9B /* User.m */,
				B3BFE9D81A2586EB00B86E9B /* Cart.h */,
				B3BFE9D91A2586EB00B86E9B /* Cart.m */,
			);
			name = "Data Objects";
			sourceTree = "<group>";
		};
		B348A0731A159654007C342B /* DataClasses */ = {
			isa = PBXGroup;
			children = (
				B3BFE9F71A2589F200B86E9B /* CTbaseDataHandler.h */,
				B3BFE9F81A2589F200B86E9B /* CTbaseDataHandler.m */,
				B3BFE9EC1A25888E00B86E9B /* CTcartManager.h */,
				B3BFE9ED1A25888E00B86E9B /* CTcartManager.m */,
				B33DF6A01A184FC10094C4AC /* Data Objects */,
				B3B05FBF1A196CEC00B32944 /* CTimageTransformer.h */,
				B3B05FC01A196CEC00B32944 /* CTimageTransformer.m */,
			);
			name = DataClasses;
			sourceTree = "<group>";
		};
		B3CAF5831A14E69A00274EEF = {
			isa = PBXGroup;
			children = (
				4CE4AF2D1A2D409900C3C8A3 /* CTDetailViewDelegate.h */,
				B3CAF5951A14E69A00274EEF /* CartTracker */,
				B3CAF5B71A14E69B00274EEF /* CartTrackerTests */,
				B3CAF58E1A14E69A00274EEF /* Frameworks */,
				B3CAF58D1A14E69A00274EEF /* Products */,
			);
			sourceTree = "<group>";
		};
		B3CAF58D1A14E69A00274EEF /* Products */ = {
			isa = PBXGroup;
			children = (
				B3CAF58C1A14E69A00274EEF /* CartTracker.app */,
				B3CAF5B01A14E69B00274EEF /* CartTrackerTests.xctest */,
			);
			name = Products;
			sourceTree = "<group>";
		};
		B3CAF58E1A14E69A00274EEF /* Frameworks */ = {
			isa = PBXGroup;
			children = (
				4C8376671A2CF453003108BB /* MobileCoreServices.framework */,
				B348A0651A159433007C342B /* CoreData.framework */,
				B3CAF58F1A14E69A00274EEF /* Foundation.framework */,
				B3CAF5911A14E69A00274EEF /* CoreGraphics.framework */,
				B3CAF5931A14E69A00274EEF /* UIKit.framework */,
				B3CAF5B11A14E69B00274EEF /* XCTest.framework */,
			);
			name = Frameworks;
			sourceTree = "<group>";
		};
		B3CAF5951A14E69A00274EEF /* CartTracker */ = {
			isa = PBXGroup;
			children = (
				4C8376571A2CB719003108BB /* Controller */,
				4C8376561A2CB708003108BB /* View */,
				B348A0731A159654007C342B /* DataClasses */,
				B3CAF59E1A14E69A00274EEF /* CTAppDelegate.h */,
				B3CAF59F1A14E69A00274EEF /* CTAppDelegate.m */,
				B3CAF5A11A14E69A00274EEF /* Main_iPhone.storyboard */,
				B3CAF5A41A14E69A00274EEF /* Main_iPad.storyboard */,
				B3CAF5AA1A14E69B00274EEF /* Images.xcassets */,
				B3CAF5961A14E69A00274EEF /* Supporting Files */,
			);
			path = CartTracker;
			sourceTree = "<group>";
		};
		B3CAF5961A14E69A00274EEF /* Supporting Files */ = {
			isa = PBXGroup;
			children = (
				4C8376691A2D0118003108BB /* Constants.h */,
				B3CAF5971A14E69A00274EEF /* CartTracker-Info.plist */,
				B3CAF5981A14E69A00274EEF /* InfoPlist.strings */,
				B3CAF59B1A14E69A00274EEF /* main.m */,
				B3CAF59D1A14E69A00274EEF /* CartTracker-Prefix.pch */,
			);
			name = "Supporting Files";
			sourceTree = "<group>";
		};
		B3CAF5B71A14E69B00274EEF /* CartTrackerTests */ = {
			isa = PBXGroup;
			children = (
				B3CAF5BD1A14E69B00274EEF /* CartTrackerTests.m */,
				B3CAF5B81A14E69B00274EEF /* Supporting Files */,
			);
			path = CartTrackerTests;
			sourceTree = "<group>";
		};
		B3CAF5B81A14E69B00274EEF /* Supporting Files */ = {
			isa = PBXGroup;
			children = (
				B3CAF5B91A14E69B00274EEF /* CartTrackerTests-Info.plist */,
				B3CAF5BA1A14E69B00274EEF /* InfoPlist.strings */,
			);
			name = "Supporting Files";
			sourceTree = "<group>";
		};
/* End PBXGroup section */

/* Begin PBXNativeTarget section */
		B3CAF58B1A14E69A00274EEF /* CartTracker */ = {
			isa = PBXNativeTarget;
			buildConfigurationList = B3CAF5C11A14E69B00274EEF /* Build configuration list for PBXNativeTarget "CartTracker" */;
			buildPhases = (
				B3CAF5881A14E69A00274EEF /* Sources */,
				B3CAF5891A14E69A00274EEF /* Frameworks */,
				B3CAF58A1A14E69A00274EEF /* Resources */,
			);
			buildRules = (
			);
			dependencies = (
			);
			name = CartTracker;
			productName = CartTracker;
			productReference = B3CAF58C1A14E69A00274EEF /* CartTracker.app */;
			productType = "com.apple.product-type.application";
		};
		B3CAF5AF1A14E69B00274EEF /* CartTrackerTests */ = {
			isa = PBXNativeTarget;
			buildConfigurationList = B3CAF5C41A14E69B00274EEF /* Build configuration list for PBXNativeTarget "CartTrackerTests" */;
			buildPhases = (
				B3CAF5AC1A14E69B00274EEF /* Sources */,
				B3CAF5AD1A14E69B00274EEF /* Frameworks */,
				B3CAF5AE1A14E69B00274EEF /* Resources */,
			);
			buildRules = (
			);
			dependencies = (
				B3CAF5B61A14E69B00274EEF /* PBXTargetDependency */,
			);
			name = CartTrackerTests;
			productName = CartTrackerTests;
			productReference = B3CAF5B01A14E69B00274EEF /* CartTrackerTests.xctest */;
			productType = "com.apple.product-type.bundle.unit-test";
		};
/* End PBXNativeTarget section */

/* Begin PBXProject section */
		B3CAF5841A14E69A00274EEF /* Project object */ = {
			isa = PBXProject;
			attributes = {
				CLASSPREFIX = CT;
				LastUpgradeCheck = 0510;
				ORGANIZATIONNAME = FIU;
				TargetAttributes = {
					B3CAF5AF1A14E69B00274EEF = {
						TestTargetID = B3CAF58B1A14E69A00274EEF;
					};
				};
			};
			buildConfigurationList = B3CAF5871A14E69A00274EEF /* Build configuration list for PBXProject "CartTracker" */;
			compatibilityVersion = "Xcode 3.2";
			developmentRegion = English;
			hasScannedForEncodings = 0;
			knownRegions = (
				en,
				Base,
			);
			mainGroup = B3CAF5831A14E69A00274EEF;
			productRefGroup = B3CAF58D1A14E69A00274EEF /* Products */;
			projectDirPath = "";
			projectRoot = "";
			targets = (
				B3CAF58B1A14E69A00274EEF /* CartTracker */,
				B3CAF5AF1A14E69B00274EEF /* CartTrackerTests */,
			);
		};
/* End PBXProject section */

/* Begin PBXResourcesBuildPhase section */
		B3CAF58A1A14E69A00274EEF /* Resources */ = {
			isa = PBXResourcesBuildPhase;
			buildActionMask = 2147483647;
			files = (
				B3CAF5A61A14E69A00274EEF /* Main_iPad.storyboard in Resources */,
				4C8376731A2D097E003108BB /* CTAdminTableViewController.xib in Resources */,
				B3CAF5AB1A14E69B00274EEF /* Images.xcassets in Resources */,
				B3BFE9EB1A25884900B86E9B /* CTDataListViewController.xib in Resources */,
				B3BFE9F61A25890700B86E9B /* CTAdminNavigationViewController.xib in Resources */,
				4C8376781A2D1EB2003108BB /* CTRequestNavigationViewController.xib in Resources */,
				4C0906081A2D4D6D004986B0 /* CTCartDetailViewController.xib in Resources */,
				B3CAF5A31A14E69A00274EEF /* Main_iPhone.storyboard in Resources */,
				B3CAF59A1A14E69A00274EEF /* InfoPlist.strings in Resources */,
				4CE4AF201A2D2DFB00C3C8A3 /* CTLoginViewController.xib in Resources */,
				4C83765C1A2CB751003108BB /* CTUserDetailViewController.xib in Resources */,
				4C8376661A2CF402003108BB /* CTCameraViewController.xib in Resources */,
			);
			runOnlyForDeploymentPostprocessing = 0;
		};
		B3CAF5AE1A14E69B00274EEF /* Resources */ = {
			isa = PBXResourcesBuildPhase;
			buildActionMask = 2147483647;
			files = (
				B3CAF5BC1A14E69B00274EEF /* InfoPlist.strings in Resources */,
			);
			runOnlyForDeploymentPostprocessing = 0;
		};
/* End PBXResourcesBuildPhase section */

/* Begin PBXSourcesBuildPhase section */
		B3CAF5881A14E69A00274EEF /* Sources */ = {
			isa = PBXSourcesBuildPhase;
			buildActionMask = 2147483647;
			files = (
				B3BFE9F91A2589F200B86E9B /* CTbaseDataHandler.m in Sources */,
				4CE4AF1F1A2D2DFB00C3C8A3 /* CTLoginViewController.m in Sources */,
				B3BFE9E01A25870A00B86E9B /* User.m in Sources */,
				B3BFE9E31A25872700B86E9B /* DataModel.xcdatamodeld in Sources */,
				B3B05FC11A196CEC00B32944 /* CTimageTransformer.m in Sources */,
				B3CAF59C1A14E69A00274EEF /* main.m in Sources */,
				4C8376771A2D1EB2003108BB /* CTRequestNavigationViewController.m in Sources */,
				B3BFE9F51A25890700B86E9B /* CTAdminNavigationViewController.m in Sources */,
				4C0906071A2D4D6D004986B0 /* CTCartDetailViewController.m in Sources */,
				B3BFE9DA1A2586EB00B86E9B /* Cart.m in Sources */,
				4C83765B1A2CB751003108BB /* CTUserDetailViewController.m in Sources */,
				B3BFE9E61A25876E00B86E9B /* CTViewController.m in Sources */,
				B3CAF5A01A14E69A00274EEF /* CTAppDelegate.m in Sources */,
				B3BFE9EA1A25884900B86E9B /* CTDataListViewController.m in Sources */,
				4C8376651A2CF402003108BB /* CTCameraViewController.m in Sources */,
				B3BFE9EE1A25888E00B86E9B /* CTcartManager.m in Sources */,
				B3BFE9DF1A25870A00B86E9B /* Request.m in Sources */,
				4C8376721A2D097E003108BB /* CTAdminTableViewController.m in Sources */,
			);
			runOnlyForDeploymentPostprocessing = 0;
		};
		B3CAF5AC1A14E69B00274EEF /* Sources */ = {
			isa = PBXSourcesBuildPhase;
			buildActionMask = 2147483647;
			files = (
				B3CAF5BE1A14E69B00274EEF /* CartTrackerTests.m in Sources */,
			);
			runOnlyForDeploymentPostprocessing = 0;
		};
/* End PBXSourcesBuildPhase section */

/* Begin PBXTargetDependency section */
		B3CAF5B61A14E69B00274EEF /* PBXTargetDependency */ = {
			isa = PBXTargetDependency;
			target = B3CAF58B1A14E69A00274EEF /* CartTracker */;
			targetProxy = B3CAF5B51A14E69B00274EEF /* PBXContainerItemProxy */;
		};
/* End PBXTargetDependency section */

/* Begin PBXVariantGroup section */
		B3CAF5981A14E69A00274EEF /* InfoPlist.strings */ = {
			isa = PBXVariantGroup;
			children = (
				B3CAF5991A14E69A00274EEF /* en */,
			);
			name = InfoPlist.strings;
			sourceTree = "<group>";
		};
		B3CAF5A11A14E69A00274EEF /* Main_iPhone.storyboard */ = {
			isa = PBXVariantGroup;
			children = (
				B3CAF5A21A14E69A00274EEF /* Base */,
			);
			name = Main_iPhone.storyboard;
			sourceTree = "<group>";
		};
		B3CAF5A41A14E69A00274EEF /* Main_iPad.storyboard */ = {
			isa = PBXVariantGroup;
			children = (
				B3CAF5A51A14E69A00274EEF /* Base */,
			);
			name = Main_iPad.storyboard;
			sourceTree = "<group>";
		};
		B3CAF5BA1A14E69B00274EEF /* InfoPlist.strings */ = {
			isa = PBXVariantGroup;
			children = (
				B3CAF5BB1A14E69B00274EEF /* en */,
			);
			name = InfoPlist.strings;
			sourceTree = "<group>";
		};
/* End PBXVariantGroup section */

/* Begin XCBuildConfiguration section */
		B3CAF5BF1A14E69B00274EEF /* Debug */ = {
			isa = XCBuildConfiguration;
			buildSettings = {
				ALWAYS_SEARCH_USER_PATHS = NO;
				CLANG_CXX_LANGUAGE_STANDARD = "gnu++0x";
				CLANG_CXX_LIBRARY = "libc++";
				CLANG_ENABLE_MODULES = YES;
				CLANG_ENABLE_OBJC_ARC = YES;
				CLANG_WARN_BOOL_CONVERSION = YES;
				CLANG_WARN_CONSTANT_CONVERSION = YES;
				CLANG_WARN_DIRECT_OBJC_ISA_USAGE = YES_ERROR;
				CLANG_WARN_EMPTY_BODY = YES;
				CLANG_WARN_ENUM_CONVERSION = YES;
				CLANG_WARN_INT_CONVERSION = YES;
				CLANG_WARN_OBJC_ROOT_CLASS = YES_ERROR;
				CLANG_WARN__DUPLICATE_METHOD_MATCH = YES;
				"CODE_SIGN_IDENTITY[sdk=iphoneos*]" = "iPhone Developer";
				COPY_PHASE_STRIP = NO;
				GCC_C_LANGUAGE_STANDARD = gnu99;
				GCC_DYNAMIC_NO_PIC = NO;
				GCC_OPTIMIZATION_LEVEL = 0;
				GCC_PREPROCESSOR_DEFINITIONS = (
					"DEBUG=1",
					"$(inherited)",
				);
				GCC_SYMBOLS_PRIVATE_EXTERN = NO;
				GCC_WARN_64_TO_32_BIT_CONVERSION = YES;
				GCC_WARN_ABOUT_RETURN_TYPE = YES_ERROR;
				GCC_WARN_UNDECLARED_SELECTOR = YES;
				GCC_WARN_UNINITIALIZED_AUTOS = YES_AGGRESSIVE;
				GCC_WARN_UNUSED_FUNCTION = YES;
				GCC_WARN_UNUSED_VARIABLE = YES;
				IPHONEOS_DEPLOYMENT_TARGET = 7.1;
				ONLY_ACTIVE_ARCH = YES;
				SDKROOT = iphoneos;
				TARGETED_DEVICE_FAMILY = "1,2";
			};
			name = Debug;
		};
		B3CAF5C01A14E69B00274EEF /* Release */ = {
			isa = XCBuildConfiguration;
			buildSettings = {
				ALWAYS_SEARCH_USER_PATHS = NO;
				CLANG_CXX_LANGUAGE_STANDARD = "gnu++0x";
				CLANG_CXX_LIBRARY = "libc++";
				CLANG_ENABLE_MODULES = YES;
				CLANG_ENABLE_OBJC_ARC = YES;
				CLANG_WARN_BOOL_CONVERSION = YES;
				CLANG_WARN_CONSTANT_CONVERSION = YES;
				CLANG_WARN_DIRECT_OBJC_ISA_USAGE = YES_ERROR;
				CLANG_WARN_EMPTY_BODY = YES;
				CLANG_WARN_ENUM_CONVERSION = YES;
				CLANG_WARN_INT_CONVERSION = YES;
				CLANG_WARN_OBJC_ROOT_CLASS = YES_ERROR;
				CLANG_WARN__DUPLICATE_METHOD_MATCH = YES;
				"CODE_SIGN_IDENTITY[sdk=iphoneos*]" = "iPhone Developer";
				COPY_PHASE_STRIP = YES;
				ENABLE_NS_ASSERTIONS = NO;
				GCC_C_LANGUAGE_STANDARD = gnu99;
				GCC_WARN_64_TO_32_BIT_CONVERSION = YES;
				GCC_WARN_ABOUT_RETURN_TYPE = YES_ERROR;
				GCC_WARN_UNDECLARED_SELECTOR = YES;
				GCC_WARN_UNINITIALIZED_AUTOS = YES_AGGRESSIVE;
				GCC_WARN_UNUSED_FUNCTION = YES;
				GCC_WARN_UNUSED_VARIABLE = YES;
				IPHONEOS_DEPLOYMENT_TARGET = 7.1;
				SDKROOT = iphoneos;
				TARGETED_DEVICE_FAMILY = "1,2";
				VALIDATE_PRODUCT = YES;
			};
			name = Release;
		};
		B3CAF5C21A14E69B00274EEF /* Debug */ = {
			isa = XCBuildConfiguration;
			buildSettings = {
				ASSETCATALOG_COMPILER_APPICON_NAME = AppIcon;
				ASSETCATALOG_COMPILER_LAUNCHIMAGE_NAME = LaunchImage;
				GCC_PRECOMPILE_PREFIX_HEADER = YES;
				GCC_PREFIX_HEADER = "CartTracker/CartTracker-Prefix.pch";
				INFOPLIST_FILE = "CartTracker/CartTracker-Info.plist";
				PRODUCT_NAME = "$(TARGET_NAME)";
				WRAPPER_EXTENSION = app;
			};
			name = Debug;
		};
		B3CAF5C31A14E69B00274EEF /* Release */ = {
			isa = XCBuildConfiguration;
			buildSettings = {
				ASSETCATALOG_COMPILER_APPICON_NAME = AppIcon;
				ASSETCATALOG_COMPILER_LAUNCHIMAGE_NAME = LaunchImage;
				GCC_PRECOMPILE_PREFIX_HEADER = YES;
				GCC_PREFIX_HEADER = "CartTracker/CartTracker-Prefix.pch";
				INFOPLIST_FILE = "CartTracker/CartTracker-Info.plist";
				PRODUCT_NAME = "$(TARGET_NAME)";
				WRAPPER_EXTENSION = app;
			};
			name = Release;
		};
		B3CAF5C51A14E69B00274EEF /* Debug */ = {
			isa = XCBuildConfiguration;
			buildSettings = {
				BUNDLE_LOADER = "$(BUILT_PRODUCTS_DIR)/CartTracker.app/CartTracker";
				FRAMEWORK_SEARCH_PATHS = (
					"$(SDKROOT)/Developer/Library/Frameworks",
					"$(inherited)",
					"$(DEVELOPER_FRAMEWORKS_DIR)",
				);
				GCC_PRECOMPILE_PREFIX_HEADER = YES;
				GCC_PREFIX_HEADER = "CartTracker/CartTracker-Prefix.pch";
				GCC_PREPROCESSOR_DEFINITIONS = (
					"DEBUG=1",
					"$(inherited)",
				);
				INFOPLIST_FILE = "CartTrackerTests/CartTrackerTests-Info.plist";
				PRODUCT_NAME = "$(TARGET_NAME)";
				TEST_HOST = "$(BUNDLE_LOADER)";
				WRAPPER_EXTENSION = xctest;
			};
			name = Debug;
		};
		B3CAF5C61A14E69B00274EEF /* Release */ = {
			isa = XCBuildConfiguration;
			buildSettings = {
				BUNDLE_LOADER = "$(BUILT_PRODUCTS_DIR)/CartTracker.app/CartTracker";
				FRAMEWORK_SEARCH_PATHS = (
					"$(SDKROOT)/Developer/Library/Frameworks",
					"$(inherited)",
					"$(DEVELOPER_FRAMEWORKS_DIR)",
				);
				GCC_PRECOMPILE_PREFIX_HEADER = YES;
				GCC_PREFIX_HEADER = "CartTracker/CartTracker-Prefix.pch";
				INFOPLIST_FILE = "CartTrackerTests/CartTrackerTests-Info.plist";
				PRODUCT_NAME = "$(TARGET_NAME)";
				TEST_HOST = "$(BUNDLE_LOADER)";
				WRAPPER_EXTENSION = xctest;
			};
			name = Release;
		};
/* End XCBuildConfiguration section */

/* Begin XCConfigurationList section */
		B3CAF5871A14E69A00274EEF /* Build configuration list for PBXProject "CartTracker" */ = {
			isa = XCConfigurationList;
			buildConfigurations = (
				B3CAF5BF1A14E69B00274EEF /* Debug */,
				B3CAF5C01A14E69B00274EEF /* Release */,
			);
			defaultConfigurationIsVisible = 0;
			defaultConfigurationName = Release;
		};
		B3CAF5C11A14E69B00274EEF /* Build configuration list for PBXNativeTarget "CartTracker" */ = {
			isa = XCConfigurationList;
			buildConfigurations = (
				B3CAF5C21A14E69B00274EEF /* Debug */,
				B3CAF5C31A14E69B00274EEF /* Release */,
			);
			defaultConfigurationIsVisible = 0;
			defaultConfigurationName = Release;
		};
		B3CAF5C41A14E69B00274EEF /* Build configuration list for PBXNativeTarget "CartTrackerTests" */ = {
			isa = XCConfigurationList;
			buildConfigurations = (
				B3CAF5C51A14E69B00274EEF /* Debug */,
				B3CAF5C61A14E69B00274EEF /* Release */,
			);
			defaultConfigurationIsVisible = 0;
			defaultConfigurationName = Release;
		};
/* End XCConfigurationList section */

/* Begin XCVersionGroup section */
		B3BFE9E11A25872700B86E9B /* DataModel.xcdatamodeld */ = {
			isa = XCVersionGroup;
			children = (
				B3BFE9E21A25872700B86E9B /* DataModel.xcdatamodel */,
			);
			currentVersion = B3BFE9E21A25872700B86E9B /* DataModel.xcdatamodel */;
			path = DataModel.xcdatamodeld;
			sourceTree = "<group>";
			versionGroupType = wrapper.xcdatamodel;
		};
/* End XCVersionGroup section */
	};
	rootObject = B3CAF5841A14E69A00274EEF /* Project object */;
}
