// !$*UTF8*$!
{
	archiveVersion = 1;
	classes = {
	};
	objectVersion = 46;
	objects = {

/* Begin PBXBuildFile section */
		4C0735481A36803300AE56E8 /* Foundation.framework in Frameworks */ = {isa = PBXBuildFile; fileRef = 4C0735471A36803300AE56E8 /* Foundation.framework */; };
		4C07354A1A36803300AE56E8 /* CoreGraphics.framework in Frameworks */ = {isa = PBXBuildFile; fileRef = 4C0735491A36803300AE56E8 /* CoreGraphics.framework */; };
		4C07354C1A36803300AE56E8 /* UIKit.framework in Frameworks */ = {isa = PBXBuildFile; fileRef = 4C07354B1A36803300AE56E8 /* UIKit.framework */; };
		4C0735521A36803300AE56E8 /* InfoPlist.strings in Resources */ = {isa = PBXBuildFile; fileRef = 4C0735501A36803300AE56E8 /* InfoPlist.strings */; };
		4C0735541A36803300AE56E8 /* main.m in Sources */ = {isa = PBXBuildFile; fileRef = 4C0735531A36803300AE56E8 /* main.m */; };
		4C0735581A36803300AE56E8 /* AppDelegate.m in Sources */ = {isa = PBXBuildFile; fileRef = 4C0735571A36803300AE56E8 /* AppDelegate.m */; };
		4C07355B1A36803300AE56E8 /* Main.storyboard in Resources */ = {isa = PBXBuildFile; fileRef = 4C0735591A36803300AE56E8 /* Main.storyboard */; };
		4C07355E1A36803300AE56E8 /* ViewController.m in Sources */ = {isa = PBXBuildFile; fileRef = 4C07355D1A36803300AE56E8 /* ViewController.m */; };
		4C0735601A36803300AE56E8 /* Images.xcassets in Resources */ = {isa = PBXBuildFile; fileRef = 4C07355F1A36803300AE56E8 /* Images.xcassets */; };
		4C0735671A36803300AE56E8 /* XCTest.framework in Frameworks */ = {isa = PBXBuildFile; fileRef = 4C0735661A36803300AE56E8 /* XCTest.framework */; };
		4C0735681A36803300AE56E8 /* Foundation.framework in Frameworks */ = {isa = PBXBuildFile; fileRef = 4C0735471A36803300AE56E8 /* Foundation.framework */; };
		4C0735691A36803300AE56E8 /* UIKit.framework in Frameworks */ = {isa = PBXBuildFile; fileRef = 4C07354B1A36803300AE56E8 /* UIKit.framework */; };
		4C0735711A36803300AE56E8 /* InfoPlist.strings in Resources */ = {isa = PBXBuildFile; fileRef = 4C07356F1A36803300AE56E8 /* InfoPlist.strings */; };
		4C0735731A36803300AE56E8 /* storyboardTestLalaTests.m in Sources */ = {isa = PBXBuildFile; fileRef = 4C0735721A36803300AE56E8 /* storyboardTestLalaTests.m */; };
/* End PBXBuildFile section */

/* Begin PBXContainerItemProxy section */
		4C07356A1A36803300AE56E8 /* PBXContainerItemProxy */ = {
			isa = PBXContainerItemProxy;
			containerPortal = 4C07353C1A36803300AE56E8 /* Project object */;
			proxyType = 1;
			remoteGlobalIDString = 4C0735431A36803300AE56E8;
			remoteInfo = storyboardTestLala;
		};
/* End PBXContainerItemProxy section */

/* Begin PBXFileReference section */
		4C0735441A36803300AE56E8 /* storyboardTestLala.app */ = {isa = PBXFileReference; explicitFileType = wrapper.application; includeInIndex = 0; path = storyboardTestLala.app; sourceTree = BUILT_PRODUCTS_DIR; };
		4C0735471A36803300AE56E8 /* Foundation.framework */ = {isa = PBXFileReference; lastKnownFileType = wrapper.framework; name = Foundation.framework; path = System/Library/Frameworks/Foundation.framework; sourceTree = SDKROOT; };
		4C0735491A36803300AE56E8 /* CoreGraphics.framework */ = {isa = PBXFileReference; lastKnownFileType = wrapper.framework; name = CoreGraphics.framework; path = System/Library/Frameworks/CoreGraphics.framework; sourceTree = SDKROOT; };
		4C07354B1A36803300AE56E8 /* UIKit.framework */ = {isa = PBXFileReference; lastKnownFileType = wrapper.framework; name = UIKit.framework; path = System/Library/Frameworks/UIKit.framework; sourceTree = SDKROOT; };
		4C07354F1A36803300AE56E8 /* storyboardTestLala-Info.plist */ = {isa = PBXFileReference; lastKnownFileType = text.plist.xml; path = "storyboardTestLala-Info.plist"; sourceTree = "<group>"; };
		4C0735511A36803300AE56E8 /* en */ = {isa = PBXFileReference; lastKnownFileType = text.plist.strings; name = en; path = en.lproj/InfoPlist.strings; sourceTree = "<group>"; };
		4C0735531A36803300AE56E8 /* main.m */ = {isa = PBXFileReference; lastKnownFileType = sourcecode.c.objc; path = main.m; sourceTree = "<group>"; };
		4C0735551A36803300AE56E8 /* storyboardTestLala-Prefix.pch */ = {isa = PBXFileReference; lastKnownFileType = sourcecode.c.h; path = "storyboardTestLala-Prefix.pch"; sourceTree = "<group>"; };
		4C0735561A36803300AE56E8 /* AppDelegate.h */ = {isa = PBXFileReference; lastKnownFileType = sourcecode.c.h; path = AppDelegate.h; sourceTree = "<group>"; };
		4C0735571A36803300AE56E8 /* AppDelegate.m */ = {isa = PBXFileReference; lastKnownFileType = sourcecode.c.objc; path = AppDelegate.m; sourceTree = "<group>"; };
		4C07355A1A36803300AE56E8 /* Base */ = {isa = PBXFileReference; lastKnownFileType = file.storyboard; name = Base; path = Base.lproj/Main.storyboard; sourceTree = "<group>"; };
		4C07355C1A36803300AE56E8 /* ViewController.h */ = {isa = PBXFileReference; lastKnownFileType = sourcecode.c.h; path = ViewController.h; sourceTree = "<group>"; };
		4C07355D1A36803300AE56E8 /* ViewController.m */ = {isa = PBXFileReference; lastKnownFileType = sourcecode.c.objc; path = ViewController.m; sourceTree = "<group>"; };
		4C07355F1A36803300AE56E8 /* Images.xcassets */ = {isa = PBXFileReference; lastKnownFileType = folder.assetcatalog; path = Images.xcassets; sourceTree = "<group>"; };
		4C0735651A36803300AE56E8 /* storyboardTestLalaTests.xctest */ = {isa = PBXFileReference; explicitFileType = wrapper.cfbundle; includeInIndex = 0; path = storyboardTestLalaTests.xctest; sourceTree = BUILT_PRODUCTS_DIR; };
		4C0735661A36803300AE56E8 /* XCTest.framework */ = {isa = PBXFileReference; lastKnownFileType = wrapper.framework; name = XCTest.framework; path = Library/Frameworks/XCTest.framework; sourceTree = DEVELOPER_DIR; };
		4C07356E1A36803300AE56E8 /* storyboardTestLalaTests-Info.plist */ = {isa = PBXFileReference; lastKnownFileType = text.plist.xml; path = "storyboardTestLalaTests-Info.plist"; sourceTree = "<group>"; };
		4C0735701A36803300AE56E8 /* en */ = {isa = PBXFileReference; lastKnownFileType = text.plist.strings; name = en; path = en.lproj/InfoPlist.strings; sourceTree = "<group>"; };
		4C0735721A36803300AE56E8 /* storyboardTestLalaTests.m */ = {isa = PBXFileReference; lastKnownFileType = sourcecode.c.objc; path = storyboardTestLalaTests.m; sourceTree = "<group>"; };
/* End PBXFileReference section */

/* Begin PBXFrameworksBuildPhase section */
		4C0735411A36803300AE56E8 /* Frameworks */ = {
			isa = PBXFrameworksBuildPhase;
			buildActionMask = 2147483647;
			files = (
				4C07354A1A36803300AE56E8 /* CoreGraphics.framework in Frameworks */,
				4C07354C1A36803300AE56E8 /* UIKit.framework in Frameworks */,
				4C0735481A36803300AE56E8 /* Foundation.framework in Frameworks */,
			);
			runOnlyForDeploymentPostprocessing = 0;
		};
		4C0735621A36803300AE56E8 /* Frameworks */ = {
			isa = PBXFrameworksBuildPhase;
			buildActionMask = 2147483647;
			files = (
				4C0735671A36803300AE56E8 /* XCTest.framework in Frameworks */,
				4C0735691A36803300AE56E8 /* UIKit.framework in Frameworks */,
				4C0735681A36803300AE56E8 /* Foundation.framework in Frameworks */,
			);
			runOnlyForDeploymentPostprocessing = 0;
		};
/* End PBXFrameworksBuildPhase section */

/* Begin PBXGroup section */
		4C07353B1A36803300AE56E8 = {
			isa = PBXGroup;
			children = (
				4C07354D1A36803300AE56E8 /* storyboardTestLala */,
				4C07356C1A36803300AE56E8 /* storyboardTestLalaTests */,
				4C0735461A36803300AE56E8 /* Frameworks */,
				4C0735451A36803300AE56E8 /* Products */,
			);
			sourceTree = "<group>";
		};
		4C0735451A36803300AE56E8 /* Products */ = {
			isa = PBXGroup;
			children = (
				4C0735441A36803300AE56E8 /* storyboardTestLala.app */,
				4C0735651A36803300AE56E8 /* storyboardTestLalaTests.xctest */,
			);
			name = Products;
			sourceTree = "<group>";
		};
		4C0735461A36803300AE56E8 /* Frameworks */ = {
			isa = PBXGroup;
			children = (
				4C0735471A36803300AE56E8 /* Foundation.framework */,
				4C0735491A36803300AE56E8 /* CoreGraphics.framework */,
				4C07354B1A36803300AE56E8 /* UIKit.framework */,
				4C0735661A36803300AE56E8 /* XCTest.framework */,
			);
			name = Frameworks;
			sourceTree = "<group>";
		};
		4C07354D1A36803300AE56E8 /* storyboardTestLala */ = {
			isa = PBXGroup;
			children = (
				4C0735561A36803300AE56E8 /* AppDelegate.h */,
				4C0735571A36803300AE56E8 /* AppDelegate.m */,
				4C0735591A36803300AE56E8 /* Main.storyboard */,
				4C07355C1A36803300AE56E8 /* ViewController.h */,
				4C07355D1A36803300AE56E8 /* ViewController.m */,
				4C07355F1A36803300AE56E8 /* Images.xcassets */,
				4C07354E1A36803300AE56E8 /* Supporting Files */,
			);
			path = storyboardTestLala;
			sourceTree = "<group>";
		};
		4C07354E1A36803300AE56E8 /* Supporting Files */ = {
			isa = PBXGroup;
			children = (
				4C07354F1A36803300AE56E8 /* storyboardTestLala-Info.plist */,
				4C0735501A36803300AE56E8 /* InfoPlist.strings */,
				4C0735531A36803300AE56E8 /* main.m */,
				4C0735551A36803300AE56E8 /* storyboardTestLala-Prefix.pch */,
			);
			name = "Supporting Files";
			sourceTree = "<group>";
		};
		4C07356C1A36803300AE56E8 /* storyboardTestLalaTests */ = {
			isa = PBXGroup;
			children = (
				4C0735721A36803300AE56E8 /* storyboardTestLalaTests.m */,
				4C07356D1A36803300AE56E8 /* Supporting Files */,
			);
			path = storyboardTestLalaTests;
			sourceTree = "<group>";
		};
		4C07356D1A36803300AE56E8 /* Supporting Files */ = {
			isa = PBXGroup;
			children = (
				4C07356E1A36803300AE56E8 /* storyboardTestLalaTests-Info.plist */,
				4C07356F1A36803300AE56E8 /* InfoPlist.strings */,
			);
			name = "Supporting Files";
			sourceTree = "<group>";
		};
/* End PBXGroup section */

/* Begin PBXNativeTarget section */
		4C0735431A36803300AE56E8 /* storyboardTestLala */ = {
			isa = PBXNativeTarget;
			buildConfigurationList = 4C0735761A36803300AE56E8 /* Build configuration list for PBXNativeTarget "storyboardTestLala" */;
			buildPhases = (
				4C0735401A36803300AE56E8 /* Sources */,
				4C0735411A36803300AE56E8 /* Frameworks */,
				4C0735421A36803300AE56E8 /* Resources */,
			);
			buildRules = (
			);
			dependencies = (
			);
			name = storyboardTestLala;
			productName = storyboardTestLala;
			productReference = 4C0735441A36803300AE56E8 /* storyboardTestLala.app */;
			productType = "com.apple.product-type.application";
		};
		4C0735641A36803300AE56E8 /* storyboardTestLalaTests */ = {
			isa = PBXNativeTarget;
			buildConfigurationList = 4C0735791A36803300AE56E8 /* Build configuration list for PBXNativeTarget "storyboardTestLalaTests" */;
			buildPhases = (
				4C0735611A36803300AE56E8 /* Sources */,
				4C0735621A36803300AE56E8 /* Frameworks */,
				4C0735631A36803300AE56E8 /* Resources */,
			);
			buildRules = (
			);
			dependencies = (
				4C07356B1A36803300AE56E8 /* PBXTargetDependency */,
			);
			name = storyboardTestLalaTests;
			productName = storyboardTestLalaTests;
			productReference = 4C0735651A36803300AE56E8 /* storyboardTestLalaTests.xctest */;
			productType = "com.apple.product-type.bundle.unit-test";
		};
/* End PBXNativeTarget section */

/* Begin PBXProject section */
		4C07353C1A36803300AE56E8 /* Project object */ = {
			isa = PBXProject;
			attributes = {
				LastUpgradeCheck = 0510;
				ORGANIZATIONNAME = "Andres Ruggiero";
				TargetAttributes = {
					4C0735641A36803300AE56E8 = {
						TestTargetID = 4C0735431A36803300AE56E8;
					};
				};
			};
			buildConfigurationList = 4C07353F1A36803300AE56E8 /* Build configuration list for PBXProject "storyboardTestLala" */;
			compatibilityVersion = "Xcode 3.2";
			developmentRegion = English;
			hasScannedForEncodings = 0;
			knownRegions = (
				en,
				Base,
			);
			mainGroup = 4C07353B1A36803300AE56E8;
			productRefGroup = 4C0735451A36803300AE56E8 /* Products */;
			projectDirPath = "";
			projectRoot = "";
			targets = (
				4C0735431A36803300AE56E8 /* storyboardTestLala */,
				4C0735641A36803300AE56E8 /* storyboardTestLalaTests */,
			);
		};
/* End PBXProject section */

/* Begin PBXResourcesBuildPhase section */
		4C0735421A36803300AE56E8 /* Resources */ = {
			isa = PBXResourcesBuildPhase;
			buildActionMask = 2147483647;
			files = (
				4C0735601A36803300AE56E8 /* Images.xcassets in Resources */,
				4C0735521A36803300AE56E8 /* InfoPlist.strings in Resources */,
				4C07355B1A36803300AE56E8 /* Main.storyboard in Resources */,
			);
			runOnlyForDeploymentPostprocessing = 0;
		};
		4C0735631A36803300AE56E8 /* Resources */ = {
			isa = PBXResourcesBuildPhase;
			buildActionMask = 2147483647;
			files = (
				4C0735711A36803300AE56E8 /* InfoPlist.strings in Resources */,
			);
			runOnlyForDeploymentPostprocessing = 0;
		};
/* End PBXResourcesBuildPhase section */

/* Begin PBXSourcesBuildPhase section */
		4C0735401A36803300AE56E8 /* Sources */ = {
			isa = PBXSourcesBuildPhase;
			buildActionMask = 2147483647;
			files = (
				4C07355E1A36803300AE56E8 /* ViewController.m in Sources */,
				4C0735581A36803300AE56E8 /* AppDelegate.m in Sources */,
				4C0735541A36803300AE56E8 /* main.m in Sources */,
			);
			runOnlyForDeploymentPostprocessing = 0;
		};
		4C0735611A36803300AE56E8 /* Sources */ = {
			isa = PBXSourcesBuildPhase;
			buildActionMask = 2147483647;
			files = (
				4C0735731A36803300AE56E8 /* storyboardTestLalaTests.m in Sources */,
			);
			runOnlyForDeploymentPostprocessing = 0;
		};
/* End PBXSourcesBuildPhase section */

/* Begin PBXTargetDependency section */
		4C07356B1A36803300AE56E8 /* PBXTargetDependency */ = {
			isa = PBXTargetDependency;
			target = 4C0735431A36803300AE56E8 /* storyboardTestLala */;
			targetProxy = 4C07356A1A36803300AE56E8 /* PBXContainerItemProxy */;
		};
/* End PBXTargetDependency section */

/* Begin PBXVariantGroup section */
		4C0735501A36803300AE56E8 /* InfoPlist.strings */ = {
			isa = PBXVariantGroup;
			children = (
				4C0735511A36803300AE56E8 /* en */,
			);
			name = InfoPlist.strings;
			sourceTree = "<group>";
		};
		4C0735591A36803300AE56E8 /* Main.storyboard */ = {
			isa = PBXVariantGroup;
			children = (
				4C07355A1A36803300AE56E8 /* Base */,
			);
			name = Main.storyboard;
			sourceTree = "<group>";
		};
		4C07356F1A36803300AE56E8 /* InfoPlist.strings */ = {
			isa = PBXVariantGroup;
			children = (
				4C0735701A36803300AE56E8 /* en */,
			);
			name = InfoPlist.strings;
			sourceTree = "<group>";
		};
/* End PBXVariantGroup section */

/* Begin XCBuildConfiguration section */
		4C0735741A36803300AE56E8 /* Debug */ = {
			isa = XCBuildConfiguration;
			buildSettings = {
				ALWAYS_SEARCH_USER_PATHS = NO;
				CLANG_CXX_LANGUAGE_STANDARD = "gnu++0x";
				CLANG_CXX_LIBRARY = "libc++";
				CLANG_ENABLE_MODULES = YES;
				CLANG_ENABLE_OBJC_ARC = YES;
				CLANG_WARN_BOOL_CONVERSION = YES;
				CLANG_WARN_CONSTANT_CONVERSION = YES;
				CLANG_WARN_DIRECT_OBJC_ISA_USAGE = YES_ERROR;
				CLANG_WARN_EMPTY_BODY = YES;
				CLANG_WARN_ENUM_CONVERSION = YES;
				CLANG_WARN_INT_CONVERSION = YES;
				CLANG_WARN_OBJC_ROOT_CLASS = YES_ERROR;
				CLANG_WARN__DUPLICATE_METHOD_MATCH = YES;
				"CODE_SIGN_IDENTITY[sdk=iphoneos*]" = "iPhone Developer";
				COPY_PHASE_STRIP = NO;
				GCC_C_LANGUAGE_STANDARD = gnu99;
				GCC_DYNAMIC_NO_PIC = NO;
				GCC_OPTIMIZATION_LEVEL = 0;
				GCC_PREPROCESSOR_DEFINITIONS = (
					"DEBUG=1",
					"$(inherited)",
				);
				GCC_SYMBOLS_PRIVATE_EXTERN = NO;
				GCC_WARN_64_TO_32_BIT_CONVERSION = YES;
				GCC_WARN_ABOUT_RETURN_TYPE = YES_ERROR;
				GCC_WARN_UNDECLARED_SELECTOR = YES;
				GCC_WARN_UNINITIALIZED_AUTOS = YES_AGGRESSIVE;
				GCC_WARN_UNUSED_FUNCTION = YES;
				GCC_WARN_UNUSED_VARIABLE = YES;
				IPHONEOS_DEPLOYMENT_TARGET = 7.1;
				ONLY_ACTIVE_ARCH = YES;
				SDKROOT = iphoneos;
			};
			name = Debug;
		};
		4C0735751A36803300AE56E8 /* Release */ = {
			isa = XCBuildConfiguration;
			buildSettings = {
				ALWAYS_SEARCH_USER_PATHS = NO;
				CLANG_CXX_LANGUAGE_STANDARD = "gnu++0x";
				CLANG_CXX_LIBRARY = "libc++";
				CLANG_ENABLE_MODULES = YES;
				CLANG_ENABLE_OBJC_ARC = YES;
				CLANG_WARN_BOOL_CONVERSION = YES;
				CLANG_WARN_CONSTANT_CONVERSION = YES;
				CLANG_WARN_DIRECT_OBJC_ISA_USAGE = YES_ERROR;
				CLANG_WARN_EMPTY_BODY = YES;
				CLANG_WARN_ENUM_CONVERSION = YES;
				CLANG_WARN_INT_CONVERSION = YES;
				CLANG_WARN_OBJC_ROOT_CLASS = YES_ERROR;
				CLANG_WARN__DUPLICATE_METHOD_MATCH = YES;
				"CODE_SIGN_IDENTITY[sdk=iphoneos*]" = "iPhone Developer";
				COPY_PHASE_STRIP = YES;
				ENABLE_NS_ASSERTIONS = NO;
				GCC_C_LANGUAGE_STANDARD = gnu99;
				GCC_WARN_64_TO_32_BIT_CONVERSION = YES;
				GCC_WARN_ABOUT_RETURN_TYPE = YES_ERROR;
				GCC_WARN_UNDECLARED_SELECTOR = YES;
				GCC_WARN_UNINITIALIZED_AUTOS = YES_AGGRESSIVE;
				GCC_WARN_UNUSED_FUNCTION = YES;
				GCC_WARN_UNUSED_VARIABLE = YES;
				IPHONEOS_DEPLOYMENT_TARGET = 7.1;
				SDKROOT = iphoneos;
				VALIDATE_PRODUCT = YES;
			};
			name = Release;
		};
		4C0735771A36803300AE56E8 /* Debug */ = {
			isa = XCBuildConfiguration;
			buildSettings = {
				ASSETCATALOG_COMPILER_APPICON_NAME = AppIcon;
				ASSETCATALOG_COMPILER_LAUNCHIMAGE_NAME = LaunchImage;
				GCC_PRECOMPILE_PREFIX_HEADER = YES;
				GCC_PREFIX_HEADER = "storyboardTestLala/storyboardTestLala-Prefix.pch";
				INFOPLIST_FILE = "storyboardTestLala/storyboardTestLala-Info.plist";
				PRODUCT_NAME = "$(TARGET_NAME)";
				WRAPPER_EXTENSION = app;
			};
			name = Debug;
		};
		4C0735781A36803300AE56E8 /* Release */ = {
			isa = XCBuildConfiguration;
			buildSettings = {
				ASSETCATALOG_COMPILER_APPICON_NAME = AppIcon;
				ASSETCATALOG_COMPILER_LAUNCHIMAGE_NAME = LaunchImage;
				GCC_PRECOMPILE_PREFIX_HEADER = YES;
				GCC_PREFIX_HEADER = "storyboardTestLala/storyboardTestLala-Prefix.pch";
				INFOPLIST_FILE = "storyboardTestLala/storyboardTestLala-Info.plist";
				PRODUCT_NAME = "$(TARGET_NAME)";
				WRAPPER_EXTENSION = app;
			};
			name = Release;
		};
		4C07357A1A36803300AE56E8 /* Debug */ = {
			isa = XCBuildConfiguration;
			buildSettings = {
				BUNDLE_LOADER = "$(BUILT_PRODUCTS_DIR)/storyboardTestLala.app/storyboardTestLala";
				FRAMEWORK_SEARCH_PATHS = (
					"$(SDKROOT)/Developer/Library/Frameworks",
					"$(inherited)",
					"$(DEVELOPER_FRAMEWORKS_DIR)",
				);
				GCC_PRECOMPILE_PREFIX_HEADER = YES;
				GCC_PREFIX_HEADER = "storyboardTestLala/storyboardTestLala-Prefix.pch";
				GCC_PREPROCESSOR_DEFINITIONS = (
					"DEBUG=1",
					"$(inherited)",
				);
				INFOPLIST_FILE = "storyboardTestLalaTests/storyboardTestLalaTests-Info.plist";
				PRODUCT_NAME = "$(TARGET_NAME)";
				TEST_HOST = "$(BUNDLE_LOADER)";
				WRAPPER_EXTENSION = xctest;
			};
			name = Debug;
		};
		4C07357B1A36803300AE56E8 /* Release */ = {
			isa = XCBuildConfiguration;
			buildSettings = {
				BUNDLE_LOADER = "$(BUILT_PRODUCTS_DIR)/storyboardTestLala.app/storyboardTestLala";
				FRAMEWORK_SEARCH_PATHS = (
					"$(SDKROOT)/Developer/Library/Frameworks",
					"$(inherited)",
					"$(DEVELOPER_FRAMEWORKS_DIR)",
				);
				GCC_PRECOMPILE_PREFIX_HEADER = YES;
				GCC_PREFIX_HEADER = "storyboardTestLala/storyboardTestLala-Prefix.pch";
				INFOPLIST_FILE = "storyboardTestLalaTests/storyboardTestLalaTests-Info.plist";
				PRODUCT_NAME = "$(TARGET_NAME)";
				TEST_HOST = "$(BUNDLE_LOADER)";
				WRAPPER_EXTENSION = xctest;
			};
			name = Release;
		};
/* End XCBuildConfiguration section */

/* Begin XCConfigurationList section */
		4C07353F1A36803300AE56E8 /* Build configuration list for PBXProject "storyboardTestLala" */ = {
			isa = XCConfigurationList;
			buildConfigurations = (
				4C0735741A36803300AE56E8 /* Debug */,
				4C0735751A36803300AE56E8 /* Release */,
			);
			defaultConfigurationIsVisible = 0;
			defaultConfigurationName = Release;
		};
		4C0735761A36803300AE56E8 /* Build configuration list for PBXNativeTarget "storyboardTestLala" */ = {
			isa = XCConfigurationList;
			buildConfigurations = (
				4C0735771A36803300AE56E8 /* Debug */,
				4C0735781A36803300AE56E8 /* Release */,
			);
			defaultConfigurationIsVisible = 0;
		};
		4C0735791A36803300AE56E8 /* Build configuration list for PBXNativeTarget "storyboardTestLalaTests" */ = {
			isa = XCConfigurationList;
			buildConfigurations = (
				4C07357A1A36803300AE56E8 /* Debug */,
				4C07357B1A36803300AE56E8 /* Release */,
			);
			defaultConfigurationIsVisible = 0;
		};
/* End XCConfigurationList section */
	};
	rootObject = 4C07353C1A36803300AE56E8 /* Project object */;
}
